
Microsoft Visual Studio Solution File, Format Version 12.00
# Visual Studio Version 16
VisualStudioVersion = 16.0.30002.166
MinimumVisualStudioVersion = 10.0.40219.1
Project("{FAE04EC0-301F-11D3-BF4B-00C04F79EFBC}") = "BookDBFinal", "BookDBFinal\BookDBFinal.csproj", "{FE0E6D55-AA7C-4EFB-B142-3A91AA90AC3C}"
EndProject
Global
	GlobalSection(SolutionConfigurationPlatforms) = preSolution
		Debug|Any CPU = Debug|Any CPU
		Release|Any CPU = Release|Any CPU
	EndGlobalSection
	GlobalSection(ProjectConfigurationPlatforms) = postSolution
		{FE0E6D55-AA7C-4EFB-B142-3A91AA90AC3C}.Debug|Any CPU.ActiveCfg = Debug|Any CPU
		{FE0E6D55-AA7C-4EFB-B142-3A91AA90AC3C}.Debug|Any CPU.Build.0 = Debug|Any CPU
		{FE0E6D55-AA7C-4EFB-B142-3A91AA90AC3C}.Release|Any CPU.ActiveCfg = Release|Any CPU
		{FE0E6D55-AA7C-4EFB-B142-3A91AA90AC3C}.Release|Any CPU.Build.0 = Release|Any CPU
	EndGlobalSection
	GlobalSection(SolutionProperties) = preSolution
		HideSolutionNode = FALSE
	EndGlobalSection
	GlobalSection(ExtensibilityGlobals) = postSolution
		SolutionGuid = {350CE38A-2C45-4F4B-B776-06E390D7DC83}
	EndGlobalSection
EndGlobal
